
Microsoft Visual Studio Solution File, Format Version 12.00
# Visual Studio Version 17
VisualStudioVersion = 17.3.32929.385
MinimumVisualStudioVersion = 10.0.40219.1
Project("{FAE04EC0-301F-11D3-BF4B-00C04F79EFBC}") = "Weapon task", "Weapon task\Weapon task.csproj", "{1CF0B1DD-C5AB-4DB5-B7C3-071FC22CBA49}"
EndProject
Global
	GlobalSection(SolutionConfigurationPlatforms) = preSolution
		Debug|Any CPU = Debug|Any CPU
		Release|Any CPU = Release|Any CPU
	EndGlobalSection
	GlobalSection(ProjectConfigurationPlatforms) = postSolution
		{1CF0B1DD-C5AB-4DB5-B7C3-071FC22CBA49}.Debug|Any CPU.ActiveCfg = Debug|Any CPU
		{1CF0B1DD-C5AB-4DB5-B7C3-071FC22CBA49}.Debug|Any CPU.Build.0 = Debug|Any CPU
		{1CF0B1DD-C5AB-4DB5-B7C3-071FC22CBA49}.Release|Any CPU.ActiveCfg = Release|Any CPU
		{1CF0B1DD-C5AB-4DB5-B7C3-071FC22CBA49}.Release|Any CPU.Build.0 = Release|Any CPU
	EndGlobalSection
	GlobalSection(SolutionProperties) = preSolution
		HideSolutionNode = FALSE
	EndGlobalSection
	GlobalSection(ExtensibilityGlobals) = postSolution
		SolutionGuid = {10D33734-8CE3-447B-83B3-B47504924DB0}
	EndGlobalSection
EndGlobal
